<?xml version="1.0" encoding="utf-8"?>
<Project ToolsVersion="4.0" xmlns="http://schemas.microsoft.com/developer/msbuild/2003">
  <ItemGroup>
    <Filter Include="Quelldateien">
      <UniqueIdentifier>{4FC737F1-C7A5-4376-A066-2A32D752A2FF}</UniqueIdentifier>
      <Extensions>cpp;c;cc;cxx;def;odl;idl;hpj;bat;asm;asmx</Extensions>
    </Filter>
    <Filter Include="Headerdateien">
      <UniqueIdentifier>{93995380-89BD-4b04-88EB-625FBE52EBFB}</UniqueIdentifier>
      <Extensions>h;hh;hpp;hxx;hm;inl;inc;ipp;xsd</Extensions>
    </Filter>
    <Filter Include="Ressourcendateien">
      <UniqueIdentifier>{67DA6AB6-F800-4c08-8B7A-83BB121AAD01}</UniqueIdentifier>
      <Extensions>rc;ico;cur;bmp;dlg;rc2;rct;bin;rgs;gif;jpg;jpeg;jpe;resx;tiff;tif;png;wav;mfcribbon-ms</Extensions>
    </Filter>
  </ItemGroup>
  <ItemGroup>
    <ClCompile Include="VGame\main.cpp">
      <Filter>Quelldateien</Filter>
    </ClCompile>
    <ClCompile Include="VGame\Source\Game.cpp">
      <Filter>Quelldateien</Filter>
    </ClCompile>
    <ClCompile Include="VEngine\Source\CoreEngine.cpp">
      <Filter>Quelldateien</Filter>
    </ClCompile>
    <ClCompile Include="VEngine\Source\Window.cpp">
      <Filter>Quelldateien</Filter>
    </ClCompile>
    <ClCompile Include="VEngine\Source\Input.cpp">
      <Filter>Quelldateien</Filter>
    </ClCompile>
    <ClCompile Include="VEngine\Source\Shader.cpp">
      <Filter>Quelldateien</Filter>
    </ClCompile>
    <ClCompile Include="VEngine\Source\Camera.cpp">
      <Filter>Quelldateien</Filter>
    </ClCompile>
    <ClCompile Include="VEngine\Source\RenderUtil.cpp">
      <Filter>Quelldateien</Filter>
    </ClCompile>
    <ClCompile Include="VEngine\Source\Log.cpp">
      <Filter>Quelldateien</Filter>
    </ClCompile>
    <ClCompile Include="VGame\Source\Chunk\ChunkManager.cpp">
      <Filter>Quelldateien</Filter>
    </ClCompile>
    <ClCompile Include="VGame\Source\Chunk\Chunk.cpp">
      <Filter>Quelldateien</Filter>
    </ClCompile>
    <ClCompile Include="VGame\Source\Block\Block.cpp">
      <Filter>Quelldateien</Filter>
    </ClCompile>
    <ClCompile Include="VEngine\Source\TextRenderer.cpp">
      <Filter>Quelldateien</Filter>
    </ClCompile>
    <ClCompile Include="VEngine\Source\Texture.cpp">
      <Filter>Quelldateien</Filter>
    </ClCompile>
    <ClCompile Include="VGame\Source\Chunk\ChunkMesh.cpp">
      <Filter>Quelldateien</Filter>
    </ClCompile>
    <ClCompile Include="VGame\Source\Util\TextureAtlas.cpp">
      <Filter>Quelldateien</Filter>
    </ClCompile>
    <ClCompile Include="VGame\Source\World\World.cpp">
      <Filter>Quelldateien</Filter>
    </ClCompile>
    <ClCompile Include="VGame\Source\Entity\Player.cpp">
      <Filter>Quelldateien</Filter>
    </ClCompile>
    <ClCompile Include="VEngine\Source\NoiseGenerator.cpp">
      <Filter>Quelldateien</Filter>
    </ClCompile>
    <ClCompile Include="VGame\Source\Generator\Biome\Biome.cpp">
      <Filter>Quelldateien</Filter>
    </ClCompile>
    <ClCompile Include="VGame\Source\Physics\AABB.cpp">
      <Filter>Quelldateien</Filter>
    </ClCompile>
    <ClCompile Include="VGame\Header\Enums\MeshTypes.h">
      <Filter>Quelldateien</Filter>
    </ClCompile>
    <ClCompile Include="VGame\Source\Generator\Biome\Biomes.cpp">
      <Filter>Quelldateien</Filter>
    </ClCompile>
    <ClCompile Include="VEngine\Source\Random.cpp">
      <Filter>Quelldateien</Filter>
    </ClCompile>
    <ClCompile Include="VGame\Source\Entity\PlayerInput.cpp">
      <Filter>Quelldateien</Filter>
    </ClCompile>
    <ClCompile Include="VGame\Source\HUD\Crosshair.cpp">
      <Filter>Quelldateien</Filter>
    </ClCompile>
    <ClCompile Include="VGame\Source\Util\Raycast.cpp">
      <Filter>Quelldateien</Filter>
    </ClCompile>
    <ClCompile Include="VGame\Source\Generator\Structure\Structure.cpp">
      <Filter>Quelldateien</Filter>
    </ClCompile>
    <ClCompile Include="VGame\Source\World\Skybox.cpp">
      <Filter>Quelldateien</Filter>
    </ClCompile>
    <ClCompile Include="VGame\Header\World\Skybox.h">
      <Filter>Quelldateien</Filter>
    </ClCompile>
    <ClCompile Include="VGame\Source\Generator\Terrain\WorldGenerator.cpp">
      <Filter>Quelldateien</Filter>
    </ClCompile>
    <ClCompile Include="VGame\Source\Particles\ParticleEmitter.cpp">
      <Filter>Quelldateien</Filter>
    </ClCompile>
    <ClCompile Include="VGame\Source\Particles\ParticleSystem.cpp">
      <Filter>Quelldateien</Filter>
    </ClCompile>
    <ClCompile Include="VEngine\Source\Screenshot.cpp">
      <Filter>Quelldateien</Filter>
    </ClCompile>
    <ClCompile Include="VEngine\Source\Timer.cpp">
      <Filter>Quelldateien</Filter>
    </ClCompile>
    <ClCompile Include="VEngine\Source\FramerateCounter.cpp">
      <Filter>Quelldateien</Filter>
    </ClCompile>
    <ClCompile Include="VGame\Source\Util\Util.cpp">
      <Filter>Quelldateien</Filter>
    </ClCompile>
    <ClCompile Include="VGame\Source\Generator\Structure\Vein.cpp">
      <Filter>Quelldateien</Filter>
    </ClCompile>
    <ClCompile Include="VGame\Source\Chunk\ChunkArea.cpp">
      <Filter>Quelldateien</Filter>
    </ClCompile>
  </ItemGroup>
  <ItemGroup>
    <ClInclude Include="VGame\Header\Game.h">
      <Filter>Headerdateien</Filter>
    </ClInclude>
    <ClInclude Include="VEngine\Header\CoreEngine.h">
      <Filter>Headerdateien</Filter>
    </ClInclude>
    <ClInclude Include="VEngine\Header\RenderUtil.h">
      <Filter>Headerdateien</Filter>
    </ClInclude>
    <ClInclude Include="VEngine\Header\Input.h">
      <Filter>Headerdateien</Filter>
    </ClInclude>
    <ClInclude Include="VEngine\Header\Shader.h">
      <Filter>Headerdateien</Filter>
    </ClInclude>
    <ClInclude Include="VEngine\Header\Vertex.h">
      <Filter>Headerdateien</Filter>
    </ClInclude>
    <ClInclude Include="VEngine\Header\Camera.h">
      <Filter>Headerdateien</Filter>
    </ClInclude>
    <ClInclude Include="VEngine\Header\Log.h">
      <Filter>Headerdateien</Filter>
    </ClInclude>
    <ClInclude Include="VGame\Header\Chunk\Chunk.h">
      <Filter>Headerdateien</Filter>
    </ClInclude>
    <ClInclude Include="VGame\Header\Chunk\ChunkManager.h">
      <Filter>Headerdateien</Filter>
    </ClInclude>
    <ClInclude Include="VGame\Header\Block\Block.h">
      <Filter>Headerdateien</Filter>
    </ClInclude>
    <ClInclude Include="VEngine\Header\TextRenderer.h">
      <Filter>Headerdateien</Filter>
    </ClInclude>
    <ClInclude Include="VEngine\Header\Texture.h">
      <Filter>Headerdateien</Filter>
    </ClInclude>
    <ClInclude Include="VGame\Header\Chunk\ChunkMesh.h">
      <Filter>Headerdateien</Filter>
    </ClInclude>
    <ClInclude Include="VGame\Header\Util\Hasher.h">
      <Filter>Headerdateien</Filter>
    </ClInclude>
    <ClInclude Include="VGame\Header\Util\Coordinates.h">
      <Filter>Headerdateien</Filter>
    </ClInclude>
    <ClInclude Include="VGame\Header\Util\TextureAtlas.h">
      <Filter>Headerdateien</Filter>
    </ClInclude>
    <ClInclude Include="VGame\Header\World\World.h">
      <Filter>Headerdateien</Filter>
    </ClInclude>
    <ClInclude Include="VEngine\Header\NoiseGenerator.h">
      <Filter>Headerdateien</Filter>
    </ClInclude>
    <ClInclude Include="VGame\Header\Generator\Biome\Biome.h">
      <Filter>Headerdateien</Filter>
    </ClInclude>
    <ClInclude Include="VGame\Header\Generator\Biome\Biomes.h">
      <Filter>Headerdateien</Filter>
    </ClInclude>
    <ClInclude Include="VGame\Header\Physics\AABB.h">
      <Filter>Headerdateien</Filter>
    </ClInclude>
    <ClInclude Include="VGame\Header\Generator\Structure\Structure.h">
      <Filter>Headerdateien</Filter>
    </ClInclude>
    <ClInclude Include="VGame\Header\Util\Array3D.h">
      <Filter>Headerdateien</Filter>
    </ClInclude>
    <ClInclude Include="VEngine\Header\Random.h">
      <Filter>Headerdateien</Filter>
    </ClInclude>
    <ClInclude Include="VGame\Header\Util\Util.h">
      <Filter>Headerdateien</Filter>
    </ClInclude>
    <ClInclude Include="VEngine\Header\GeneralMath.h">
      <Filter>Headerdateien</Filter>
    </ClInclude>
    <ClInclude Include="VGame\Header\HUD\Crosshair.h">
      <Filter>Headerdateien</Filter>
    </ClInclude>
    <ClInclude Include="VGame\Header\Util\Raycast.h">
      <Filter>Headerdateien</Filter>
    </ClInclude>
    <ClInclude Include="VEngine\Header\Event\Event.h">
      <Filter>Headerdateien</Filter>
    </ClInclude>
    <ClInclude Include="VEngine\Header\Event\EventDispatcher.h">
      <Filter>Headerdateien</Filter>
    </ClInclude>
    <ClInclude Include="VGame\Header\Events\BlockEvents.h">
      <Filter>Headerdateien</Filter>
    </ClInclude>
    <ClInclude Include="VGame\Header\Enums\EventTypes.h">
      <Filter>Headerdateien</Filter>
    </ClInclude>
    <ClInclude Include="VGame\Header\Enums\Orientation.h">
      <Filter>Headerdateien</Filter>
    </ClInclude>
    <ClInclude Include="VGame\Header\Constants.h">
      <Filter>Headerdateien</Filter>
    </ClInclude>
    <ClInclude Include="VEngine\Header\Event\Cancellable.h">
      <Filter>Headerdateien</Filter>
    </ClInclude>
    <ClInclude Include="VGame\Header\Generator\Terrain\WorldGenerator.h">
      <Filter>Headerdateien</Filter>
    </ClInclude>
    <ClInclude Include="VGame\Header\Util\Array2D.h">
      <Filter>Headerdateien</Filter>
    </ClInclude>
    <ClInclude Include="VGame\Header\Chunk\ChunkSlice.h">
      <Filter>Headerdateien</Filter>
    </ClInclude>
    <ClInclude Include="VGame\Header\Particles\ParticleEmitter.h">
      <Filter>Headerdateien</Filter>
    </ClInclude>
    <ClInclude Include="VGame\Header\Particles\ParticleSystem.h">
      <Filter>Headerdateien</Filter>
    </ClInclude>
    <ClInclude Include="VEngine\Header\Screenshot.h">
      <Filter>Headerdateien</Filter>
    </ClInclude>
    <ClInclude Include="VGame\Header\Events\PlayerEvents.h">
      <Filter>Headerdateien</Filter>
    </ClInclude>
    <ClInclude Include="VGame\Header\Generator\Terrain\Vein.h">
      <Filter>Headerdateien</Filter>
    </ClInclude>
    <ClInclude Include="VEngine\Header\Timer.h">
      <Filter>Headerdateien</Filter>
    </ClInclude>
    <ClInclude Include="VEngine\Header\FramerateCounter.h">
      <Filter>Headerdateien</Filter>
    </ClInclude>
    <ClInclude Include="resource.h">
      <Filter>Headerdateien</Filter>
    </ClInclude>
    <ClInclude Include="VGame\Header\Entity\BlockID.h">
      <Filter>Headerdateien</Filter>
    </ClInclude>
    <ClInclude Include="VGame\Header\Entity\Entity.h">
      <Filter>Headerdateien</Filter>
    </ClInclude>
    <ClInclude Include="VGame\Header\Entity\Player.h">
      <Filter>Headerdateien</Filter>
    </ClInclude>
    <ClInclude Include="VGame\Header\Chunk\ChunkArea.h">
      <Filter>Headerdateien</Filter>
    </ClInclude>
    <ClInclude Include="VEngine\Header\Window.h">
      <Filter>Headerdateien</Filter>
    </ClInclude>
  </ItemGroup>
  <ItemGroup>
    <None Include="Resources\Media\Config\Settings.ini" />
    <None Include="Resources\Shaders\text_frag.glsl" />
    <None Include="Resources\Shaders\text_vert.glsl" />
    <None Include="Resources\Shaders\skybox_frag.glsl" />
    <None Include="Resources\Shaders\skybox_vert.glsl" />
    <None Include="Resources\Shaders\basic_frag.glsl" />
    <None Include="Resources\Shaders\basic_vert.glsl" />
    <None Include="Resources\Shaders\chunk_frag.glsl" />
    <None Include="Resources\Shaders\chunk_vert.glsl" />
  </ItemGroup>
  <ItemGroup>
    <Image Include="Resources\Textures\Skybox\sky_back.png">
      <Filter>Ressourcendateien</Filter>
    </Image>
    <Image Include="Resources\Textures\Skybox\sky_down.png">
      <Filter>Ressourcendateien</Filter>
    </Image>
    <Image Include="Resources\Textures\Skybox\sky_front.png">
      <Filter>Ressourcendateien</Filter>
    </Image>
    <Image Include="Resources\Textures\Skybox\sky_left.png">
      <Filter>Ressourcendateien</Filter>
    </Image>
    <Image Include="Resources\Textures\Skybox\sky_right.png">
      <Filter>Ressourcendateien</Filter>
    </Image>
    <Image Include="Resources\Textures\Skybox\sky_up.png">
      <Filter>Ressourcendateien</Filter>
    </Image>
    <Image Include="C:\Users\luis\Downloads\Icon.ico">
      <Filter>Ressourcendateien</Filter>
    </Image>
  </ItemGroup>
  <ItemGroup>
    <ResourceCompile Include="VGame.rc">
      <Filter>Ressourcendateien</Filter>
    </ResourceCompile>
  </ItemGroup>
</Project>