<?xml version="1.0" encoding="utf-8"?>
<Project ToolsVersion="4.0" xmlns="http://schemas.microsoft.com/developer/msbuild/2003">
  <ItemGroup>
    <Filter Include="Quelldateien">
      <UniqueIdentifier>{4FC737F1-C7A5-4376-A066-2A32D752A2FF}</UniqueIdentifier>
      <Extensions>cpp;c;cc;cxx;def;odl;idl;hpj;bat;asm;asmx</Extensions>
    </Filter>
    <Filter Include="Headerdateien">
      <UniqueIdentifier>{93995380-89BD-4b04-88EB-625FBE52EBFB}</UniqueIdentifier>
      <Extensions>h;hh;hpp;hxx;hm;inl;inc;ipp;xsd</Extensions>
    </Filter>
    <Filter Include="Ressourcendateien">
      <UniqueIdentifier>{67DA6AB6-F800-4c08-8B7A-83BB121AAD01}</UniqueIdentifier>
      <Extensions>rc;ico;cur;bmp;dlg;rc2;rct;bin;rgs;gif;jpg;jpeg;jpe;resx;tiff;tif;png;wav;mfcribbon-ms</Extensions>
    </Filter>
  </ItemGroup>
  <ItemGroup>
    <ClCompile Include="VGame\main.cpp">
      <Filter>Quelldateien</Filter>
    </ClCompile>
    <ClCompile Include="VGame\Source\Game.cpp">
      <Filter>Quelldateien</Filter>
    </ClCompile>
    <ClCompile Include="VEngine\Source\CoreEngine.cpp">
      <Filter>Quelldateien</Filter>
    </ClCompile>
    <ClCompile Include="VEngine\Source\Window.cpp">
      <Filter>Quelldateien</Filter>
    </ClCompile>
    <ClCompile Include="VEngine\Source\Input.cpp">
      <Filter>Quelldateien</Filter>
    </ClCompile>
    <ClCompile Include="VEngine\Source\Shader.cpp">
      <Filter>Quelldateien</Filter>
    </ClCompile>
    <ClCompile Include="VEngine\Source\Camera.cpp">
      <Filter>Quelldateien</Filter>
    </ClCompile>
    <ClCompile Include="VEngine\Source\RenderUtil.cpp">
      <Filter>Quelldateien</Filter>
    </ClCompile>
    <ClCompile Include="VEngine\Source\Log.cpp">
      <Filter>Quelldateien</Filter>
    </ClCompile>
    <ClCompile Include="VGame\Source\Chunk\ChunkManager.cpp">
      <Filter>Quelldateien</Filter>
    </ClCompile>
    <ClCompile Include="VGame\Source\Chunk\Chunk.cpp">
      <Filter>Quelldateien</Filter>
    </ClCompile>
    <ClCompile Include="VGame\Source\Block\Block.cpp">
      <Filter>Quelldateien</Filter>
    </ClCompile>
    <ClCompile Include="VEngine\Source\TextRenderer.cpp">
      <Filter>Quelldateien</Filter>
    </ClCompile>
    <ClCompile Include="VEngine\Source\Texture.cpp">
      <Filter>Quelldateien</Filter>
    </ClCompile>
    <ClCompile Include="VGame\Source\Chunk\ChunkMesh.cpp">
      <Filter>Quelldateien</Filter>
    </ClCompile>
    <ClCompile Include="VGame\Source\Util\TextureAtlas.cpp">
      <Filter>Quelldateien</Filter>
    </ClCompile>
    <ClCompile Include="VGame\Source\World\World.cpp">
      <Filter>Quelldateien</Filter>
    </ClCompile>
    <ClCompile Include="VGame\Source\Entity\Player.cpp">
      <Filter>Quelldateien</Filter>
    </ClCompile>
    <ClCompile Include="VEngine\Source\NoiseGenerator.cpp">
      <Filter>Quelldateien</Filter>
    </ClCompile>
    <ClCompile Include="VGame\Source\Generator\Biome\Biome.cpp">
      <Filter>Quelldateien</Filter>
    </ClCompile>
    <ClCompile Include="VGame\Source\Physics\AABB.cpp">
      <Filter>Quelldateien</Filter>
    </ClCompile>
    <ClCompile Include="VGame\Source\Generator\Biome\Biomes.cpp">
      <Filter>Quelldateien</Filter>
    </ClCompile>
    <ClCompile Include="VEngine\Source\Random.cpp">
      <Filter>Quelldateien</Filter>
    </ClCompile>
    <ClCompile Include="VGame\Source\Entity\PlayerInput.cpp">
      <Filter>Quelldateien</Filter>
    </ClCompile>
    <ClCompile Include="VGame\Source\HUD\Crosshair.cpp">
      <Filter>Quelldateien</Filter>
    </ClCompile>
    <ClCompile Include="VGame\Source\Util\Raycast.cpp">
      <Filter>Quelldateien</Filter>
    </ClCompile>
    <ClCompile Include="VGame\Source\Generator\Structure\Structure.cpp">
      <Filter>Quelldateien</Filter>
    </ClCompile>
    <ClCompile Include="VGame\Source\World\Skybox.cpp">
      <Filter>Quelldateien</Filter>
    </ClCompile>
    <ClCompile Include="VGame\Source\Generator\Terrain\WorldGenerator.cpp">
      <Filter>Quelldateien</Filter>
    </ClCompile>
    <ClCompile Include="VGame\Source\Particles\ParticleEmitter.cpp">
      <Filter>Quelldateien</Filter>
    </ClCompile>
    <ClCompile Include="VGame\Source\Particles\ParticleSystem.cpp">
      <Filter>Quelldateien</Filter>
    </ClCompile>
    <ClCompile Include="VEngine\Source\Screenshot.cpp">
      <Filter>Quelldateien</Filter>
    </ClCompile>
    <ClCompile Include="VEngine\Source\Timer.cpp">
      <Filter>Quelldateien</Filter>
    </ClCompile>
    <ClCompile Include="VEngine\Source\FramerateCounter.cpp">
      <Filter>Quelldateien</Filter>
    </ClCompile>
    <ClCompile Include="VGame\Source\Util\Util.cpp">
      <Filter>Quelldateien</Filter>
    </ClCompile>
    <ClCompile Include="VGame\Source\Generator\Structure\Vein.cpp">
      <Filter>Quelldateien</Filter>
    </ClCompile>
    <ClCompile Include="VGame\Source\Chunk\ChunkArea.cpp">
      <Filter>Quelldateien</Filter>
    </ClCompile>
  </ItemGroup>
  <ItemGroup>
    <ClInclude Include="VGame\Header\Chunk\ChunkSlice.h">
      <Filter>Headerdateien</Filter>
    </ClInclude>
    <ClInclude Include="resource.h">
      <Filter>Headerdateien</Filter>
    </ClInclude>
    <ClInclude Include="VEngine\Source\event\Cancellable.h">
      <Filter>Headerdateien</Filter>
    </ClInclude>
    <ClInclude Include="VEngine\Source\event\Event.h">
      <Filter>Headerdateien</Filter>
    </ClInclude>
    <ClInclude Include="VEngine\Source\event\EventDispatcher.h">
      <Filter>Headerdateien</Filter>
    </ClInclude>
    <ClInclude Include="VEngine\source\Camera.h">
      <Filter>Headerdateien</Filter>
    </ClInclude>
    <ClInclude Include="VEngine\source\CoreEngine.h">
      <Filter>Headerdateien</Filter>
    </ClInclude>
    <ClInclude Include="VEngine\source\FramerateCounter.h">
      <Filter>Headerdateien</Filter>
    </ClInclude>
    <ClInclude Include="VEngine\source\GeneralMath.h">
      <Filter>Headerdateien</Filter>
    </ClInclude>
    <ClInclude Include="VEngine\source\Input.h">
      <Filter>Headerdateien</Filter>
    </ClInclude>
    <ClInclude Include="VEngine\source\Log.h">
      <Filter>Headerdateien</Filter>
    </ClInclude>
    <ClInclude Include="VEngine\source\NoiseGenerator.h">
      <Filter>Headerdateien</Filter>
    </ClInclude>
    <ClInclude Include="VEngine\source\Random.h">
      <Filter>Headerdateien</Filter>
    </ClInclude>
    <ClInclude Include="VEngine\source\RenderUtil.h">
      <Filter>Headerdateien</Filter>
    </ClInclude>
    <ClInclude Include="VEngine\source\Screenshot.h">
      <Filter>Headerdateien</Filter>
    </ClInclude>
    <ClInclude Include="VEngine\source\Shader.h">
      <Filter>Headerdateien</Filter>
    </ClInclude>
    <ClInclude Include="VEngine\source\TextRenderer.h">
      <Filter>Headerdateien</Filter>
    </ClInclude>
    <ClInclude Include="VEngine\source\Texture.h">
      <Filter>Headerdateien</Filter>
    </ClInclude>
    <ClInclude Include="VEngine\source\Timer.h">
      <Filter>Headerdateien</Filter>
    </ClInclude>
    <ClInclude Include="VEngine\source\Vertex.h">
      <Filter>Headerdateien</Filter>
    </ClInclude>
    <ClInclude Include="VEngine\source\Window.h">
      <Filter>Headerdateien</Filter>
    </ClInclude>
    <ClInclude Include="VGame\source\block\Block.h">
      <Filter>Headerdateien</Filter>
    </ClInclude>
    <ClInclude Include="VGame\source\chunk\Chunk.h">
      <Filter>Headerdateien</Filter>
    </ClInclude>
    <ClInclude Include="VGame\source\chunk\ChunkArea.h">
      <Filter>Headerdateien</Filter>
    </ClInclude>
    <ClInclude Include="VGame\source\chunk\ChunkManager.h">
      <Filter>Headerdateien</Filter>
    </ClInclude>
    <ClInclude Include="VGame\source\chunk\ChunkMesh.h">
      <Filter>Headerdateien</Filter>
    </ClInclude>
    <ClInclude Include="VGame\source\entity\BlockID.h">
      <Filter>Headerdateien</Filter>
    </ClInclude>
    <ClInclude Include="VGame\source\entity\Entity.h">
      <Filter>Headerdateien</Filter>
    </ClInclude>
    <ClInclude Include="VGame\source\entity\Player.h">
      <Filter>Headerdateien</Filter>
    </ClInclude>
    <ClInclude Include="VGame\source\enums\EventTypes.h">
      <Filter>Headerdateien</Filter>
    </ClInclude>
    <ClInclude Include="VGame\source\enums\MeshTypes.h">
      <Filter>Headerdateien</Filter>
    </ClInclude>
    <ClInclude Include="VGame\source\enums\Orientation.h">
      <Filter>Headerdateien</Filter>
    </ClInclude>
    <ClInclude Include="VGame\source\events\BlockEvents.h">
      <Filter>Headerdateien</Filter>
    </ClInclude>
    <ClInclude Include="VGame\source\events\PlayerEvents.h">
      <Filter>Headerdateien</Filter>
    </ClInclude>
    <ClInclude Include="VGame\source\util\Array2D.h">
      <Filter>Headerdateien</Filter>
    </ClInclude>
    <ClInclude Include="VGame\source\util\Array3D.h">
      <Filter>Headerdateien</Filter>
    </ClInclude>
    <ClInclude Include="VGame\source\util\Coordinates.h">
      <Filter>Headerdateien</Filter>
    </ClInclude>
    <ClInclude Include="VGame\source\util\Hasher.h">
      <Filter>Headerdateien</Filter>
    </ClInclude>
    <ClInclude Include="VGame\source\physics\AABB.h">
      <Filter>Headerdateien</Filter>
    </ClInclude>
    <ClInclude Include="VGame\source\particles\ParticleSystem.h">
      <Filter>Headerdateien</Filter>
    </ClInclude>
    <ClInclude Include="VGame\source\particles\ParticleEmitter.h">
      <Filter>Headerdateien</Filter>
    </ClInclude>
    <ClInclude Include="VGame\source\hud\Crosshair.h">
      <Filter>Headerdateien</Filter>
    </ClInclude>
    <ClInclude Include="VGame\source\generator\terrain\WorldGenerator.h">
      <Filter>Headerdateien</Filter>
    </ClInclude>
    <ClInclude Include="VGame\source\generator\terrain\Vein.h">
      <Filter>Headerdateien</Filter>
    </ClInclude>
    <ClInclude Include="VGame\source\generator\structure\Structure.h">
      <Filter>Headerdateien</Filter>
    </ClInclude>
    <ClInclude Include="VGame\source\generator\biome\Biomes.h">
      <Filter>Headerdateien</Filter>
    </ClInclude>
    <ClInclude Include="VGame\source\generator\biome\Biome.h">
      <Filter>Headerdateien</Filter>
    </ClInclude>
    <ClInclude Include="VGame\source\util\Raycast.h">
      <Filter>Headerdateien</Filter>
    </ClInclude>
    <ClInclude Include="VGame\source\util\TextureAtlas.h">
      <Filter>Headerdateien</Filter>
    </ClInclude>
    <ClInclude Include="VGame\source\util\Util.h">
      <Filter>Headerdateien</Filter>
    </ClInclude>
    <ClInclude Include="VGame\source\Constants.h">
      <Filter>Headerdateien</Filter>
    </ClInclude>
    <ClInclude Include="VGame\source\world\World.h">
      <Filter>Headerdateien</Filter>
    </ClInclude>
    <ClInclude Include="VGame\source\Game.h">
      <Filter>Headerdateien</Filter>
    </ClInclude>
    <ClInclude Include="VGame\source\world\Skybox.h">
      <Filter>Headerdateien</Filter>
    </ClInclude>
  </ItemGroup>
  <ItemGroup>
    <None Include="Resources\Shaders\text_frag.glsl" />
    <None Include="Resources\Shaders\text_vert.glsl" />
    <None Include="Resources\Shaders\skybox_vert.glsl" />
    <None Include="Resources\Shaders\basic_frag.glsl" />
    <None Include="Resources\Shaders\basic_vert.glsl" />
    <None Include="Resources\Shaders\chunk_frag.glsl" />
    <None Include="Resources\Shaders\chunk_vert.glsl" />
  </ItemGroup>
  <ItemGroup>
    <Image Include="Resources\Textures\Skybox\sky_back.png">
      <Filter>Ressourcendateien</Filter>
    </Image>
    <Image Include="Resources\Textures\Skybox\sky_down.png">
      <Filter>Ressourcendateien</Filter>
    </Image>
    <Image Include="Resources\Textures\Skybox\sky_front.png">
      <Filter>Ressourcendateien</Filter>
    </Image>
    <Image Include="Resources\Textures\Skybox\sky_left.png">
      <Filter>Ressourcendateien</Filter>
    </Image>
    <Image Include="Resources\Textures\Skybox\sky_right.png">
      <Filter>Ressourcendateien</Filter>
    </Image>
    <Image Include="Resources\Textures\Skybox\sky_up.png">
      <Filter>Ressourcendateien</Filter>
    </Image>
    <Image Include="C:\Users\luis\Downloads\Icon.ico">
      <Filter>Ressourcendateien</Filter>
    </Image>
  </ItemGroup>
  <ItemGroup>
    <ResourceCompile Include="VGame.rc">
      <Filter>Ressourcendateien</Filter>
    </ResourceCompile>
  </ItemGroup>
</Project>