
Microsoft Visual Studio Solution File, Format Version 12.00
# Visual Studio 15
VisualStudioVersion = 15.0.28307.1082
MinimumVisualStudioVersion = 10.0.40219.1
Project("{8BC9CEB8-8B4A-11D0-8D11-00A0C91BC942}") = "Default-Router-Configuration-Generator", "Default-Router-Configuration-Generator\Default-Router-Configuration-Generator.vcxproj", "{24AEE996-0C48-498E-90C3-8BC03D21BA51}"
EndProject
Global
	GlobalSection(SolutionConfigurationPlatforms) = preSolution
		Debug|x64 = Debug|x64
		Debug|x86 = Debug|x86
		Release|x64 = Release|x64
		Release|x86 = Release|x86
	EndGlobalSection
	GlobalSection(ProjectConfigurationPlatforms) = postSolution
		{24AEE996-0C48-498E-90C3-8BC03D21BA51}.Debug|x64.ActiveCfg = Debug|x64
		{24AEE996-0C48-498E-90C3-8BC03D21BA51}.Debug|x64.Build.0 = Debug|x64
		{24AEE996-0C48-498E-90C3-8BC03D21BA51}.Debug|x86.ActiveCfg = Debug|Win32
		{24AEE996-0C48-498E-90C3-8BC03D21BA51}.Debug|x86.Build.0 = Debug|Win32
		{24AEE996-0C48-498E-90C3-8BC03D21BA51}.Release|x64.ActiveCfg = Release|x64
		{24AEE996-0C48-498E-90C3-8BC03D21BA51}.Release|x64.Build.0 = Release|x64
		{24AEE996-0C48-498E-90C3-8BC03D21BA51}.Release|x86.ActiveCfg = Release|Win32
		{24AEE996-0C48-498E-90C3-8BC03D21BA51}.Release|x86.Build.0 = Release|Win32
	EndGlobalSection
	GlobalSection(SolutionProperties) = preSolution
		HideSolutionNode = FALSE
	EndGlobalSection
	GlobalSection(ExtensibilityGlobals) = postSolution
		SolutionGuid = {FBAC52F1-94CD-45D3-9710-EB0AA2E63A6C}
	EndGlobalSection
EndGlobal
